[root]
name = "acto_rs_playground"
version = "0.1.0"
dependencies = [
 "acto-rs 0.5.1 (registry+https://github.com/rust-lang/crates.io-index)",
]

[[package]]
name = "acto-rs"
version = "0.5.1"
source = "registry+https://github.com/rust-lang/crates.io-index"
dependencies = [
 "libc 0.2.17 (registry+https://github.com/rust-lang/crates.io-index)",
 "lossyq 0.1.19 (registry+https://github.com/rust-lang/crates.io-index)",
]

[[package]]
name = "libc"
version = "0.2.17"
source = "registry+https://github.com/rust-lang/crates.io-index"

[[package]]
name = "lossyq"
version = "0.1.19"
source = "registry+https://github.com/rust-lang/crates.io-index"

[metadata]
"checksum acto-rs 0.5.1 (registry+https://github.com/rust-lang/crates.io-index)" = "a9120b8962c3112eda1d6cd1689f969fa07cd28a9c5f8cdbf766da4d28a6f35a"
"checksum libc 0.2.17 (registry+https://github.com/rust-lang/crates.io-index)" = "044d1360593a78f5c8e5e710beccdc24ab71d1f01bc19a29bcacdba22e8475d8"
"checksum lossyq 0.1.19 (registry+https://github.com/rust-lang/crates.io-index)" = "7a02d3cce8256ae4dcc9eddf91e2bd79055bc3ccdefbd0b30fa948155c61116c"
